
Microsoft Visual Studio Solution File, Format Version 12.00
# Visual Studio Version 16
VisualStudioVersion = 16.0.29911.84
MinimumVisualStudioVersion = 10.0.40219.1
Project("{2150E333-8FDC-42A3-9474-1A3956D46DE8}") = "src", "src", "{750E102B-BA5D-4B9C-8397-C43DAA25BE17}"
EndProject
Project("{9A19103F-16F7-4668-BE54-9A1E7A4F7556}") = "System.Agent", "src\System.Agent\System.Agent.csproj", "{05FBF3BF-1D32-44F6-B84A-B38672E718A5}"
EndProject
Project("{9A19103F-16F7-4668-BE54-9A1E7A4F7556}") = "System.Portal", "src\System.Portal\System.Portal.csproj", "{75E2FBC9-AE4C-4C88-AE42-D8A1BC16D82F}"
EndProject
Project("{9A19103F-16F7-4668-BE54-9A1E7A4F7556}") = "System.Abstracts", "src\System.Abstracts\System.Abstracts.csproj", "{CCCD67B2-32E7-4571-9B02-3E7BBFF449C8}"
EndProject
Project("{9A19103F-16F7-4668-BE54-9A1E7A4F7556}") = "System.Auth", "src\System.Auth\System.Auth.csproj", "{4C4563B5-2C5A-4B29-9E28-8EC394E89EC4}"
EndProject
Project("{9A19103F-16F7-4668-BE54-9A1E7A4F7556}") = "System.Logging", "src\System.Logging\System.Logging.csproj", "{02D08674-4564-4BA5-AB8F-09AED2EF1408}"
EndProject
Project("{9A19103F-16F7-4668-BE54-9A1E7A4F7556}") = "System.BlazorUI", "src\System.BlazorUI\System.BlazorUI.csproj", "{817AFACF-1139-4A12-9B6B-98423C15500D}"
EndProject
Project("{9A19103F-16F7-4668-BE54-9A1E7A4F7556}") = "System.Protos", "src\System.Protos\System.Protos.csproj", "{648BDB7C-53F0-4827-8145-3B70724A2208}"
EndProject
Project("{2150E333-8FDC-42A3-9474-1A3956D46DE8}") = "Protos", "Protos", "{8D01ECE3-5262-401A-884B-6B631BEA701C}"
EndProject
Project("{9A19103F-16F7-4668-BE54-9A1E7A4F7556}") = "System.Dashboard", "src\System.Dashboard\System.Dashboard.csproj", "{FA0C8354-4992-4A13-8706-DEE0EF3DBA08}"
EndProject
Project("{9A19103F-16F7-4668-BE54-9A1E7A4F7556}") = "System.XUnitTest", "src\System.XUnitTest\System.XUnitTest.csproj", "{C4983B44-6220-4265-BC7A-F772FFA5B645}"
EndProject
Global
	GlobalSection(SolutionConfigurationPlatforms) = preSolution
		Debug|Any CPU = Debug|Any CPU
		Release|Any CPU = Release|Any CPU
	EndGlobalSection
	GlobalSection(ProjectConfigurationPlatforms) = postSolution
		{05FBF3BF-1D32-44F6-B84A-B38672E718A5}.Debug|Any CPU.ActiveCfg = Debug|Any CPU
		{05FBF3BF-1D32-44F6-B84A-B38672E718A5}.Debug|Any CPU.Build.0 = Debug|Any CPU
		{05FBF3BF-1D32-44F6-B84A-B38672E718A5}.Release|Any CPU.ActiveCfg = Release|Any CPU
		{05FBF3BF-1D32-44F6-B84A-B38672E718A5}.Release|Any CPU.Build.0 = Release|Any CPU
		{75E2FBC9-AE4C-4C88-AE42-D8A1BC16D82F}.Debug|Any CPU.ActiveCfg = Debug|Any CPU
		{75E2FBC9-AE4C-4C88-AE42-D8A1BC16D82F}.Debug|Any CPU.Build.0 = Debug|Any CPU
		{75E2FBC9-AE4C-4C88-AE42-D8A1BC16D82F}.Release|Any CPU.ActiveCfg = Release|Any CPU
		{75E2FBC9-AE4C-4C88-AE42-D8A1BC16D82F}.Release|Any CPU.Build.0 = Release|Any CPU
		{CCCD67B2-32E7-4571-9B02-3E7BBFF449C8}.Debug|Any CPU.ActiveCfg = Debug|Any CPU
		{CCCD67B2-32E7-4571-9B02-3E7BBFF449C8}.Debug|Any CPU.Build.0 = Debug|Any CPU
		{CCCD67B2-32E7-4571-9B02-3E7BBFF449C8}.Release|Any CPU.ActiveCfg = Release|Any CPU
		{CCCD67B2-32E7-4571-9B02-3E7BBFF449C8}.Release|Any CPU.Build.0 = Release|Any CPU
		{4C4563B5-2C5A-4B29-9E28-8EC394E89EC4}.Debug|Any CPU.ActiveCfg = Debug|Any CPU
		{4C4563B5-2C5A-4B29-9E28-8EC394E89EC4}.Debug|Any CPU.Build.0 = Debug|Any CPU
		{4C4563B5-2C5A-4B29-9E28-8EC394E89EC4}.Release|Any CPU.ActiveCfg = Release|Any CPU
		{4C4563B5-2C5A-4B29-9E28-8EC394E89EC4}.Release|Any CPU.Build.0 = Release|Any CPU
		{02D08674-4564-4BA5-AB8F-09AED2EF1408}.Debug|Any CPU.ActiveCfg = Debug|Any CPU
		{02D08674-4564-4BA5-AB8F-09AED2EF1408}.Debug|Any CPU.Build.0 = Debug|Any CPU
		{02D08674-4564-4BA5-AB8F-09AED2EF1408}.Release|Any CPU.ActiveCfg = Release|Any CPU
		{02D08674-4564-4BA5-AB8F-09AED2EF1408}.Release|Any CPU.Build.0 = Release|Any CPU
		{817AFACF-1139-4A12-9B6B-98423C15500D}.Debug|Any CPU.ActiveCfg = Debug|Any CPU
		{817AFACF-1139-4A12-9B6B-98423C15500D}.Debug|Any CPU.Build.0 = Debug|Any CPU
		{817AFACF-1139-4A12-9B6B-98423C15500D}.Release|Any CPU.ActiveCfg = Release|Any CPU
		{817AFACF-1139-4A12-9B6B-98423C15500D}.Release|Any CPU.Build.0 = Release|Any CPU
		{648BDB7C-53F0-4827-8145-3B70724A2208}.Debug|Any CPU.ActiveCfg = Debug|Any CPU
		{648BDB7C-53F0-4827-8145-3B70724A2208}.Debug|Any CPU.Build.0 = Debug|Any CPU
		{648BDB7C-53F0-4827-8145-3B70724A2208}.Release|Any CPU.ActiveCfg = Release|Any CPU
		{648BDB7C-53F0-4827-8145-3B70724A2208}.Release|Any CPU.Build.0 = Release|Any CPU
		{FA0C8354-4992-4A13-8706-DEE0EF3DBA08}.Debug|Any CPU.ActiveCfg = Debug|Any CPU
		{FA0C8354-4992-4A13-8706-DEE0EF3DBA08}.Debug|Any CPU.Build.0 = Debug|Any CPU
		{FA0C8354-4992-4A13-8706-DEE0EF3DBA08}.Release|Any CPU.ActiveCfg = Release|Any CPU
		{FA0C8354-4992-4A13-8706-DEE0EF3DBA08}.Release|Any CPU.Build.0 = Release|Any CPU
		{C4983B44-6220-4265-BC7A-F772FFA5B645}.Debug|Any CPU.ActiveCfg = Debug|Any CPU
		{C4983B44-6220-4265-BC7A-F772FFA5B645}.Debug|Any CPU.Build.0 = Debug|Any CPU
		{C4983B44-6220-4265-BC7A-F772FFA5B645}.Release|Any CPU.ActiveCfg = Release|Any CPU
		{C4983B44-6220-4265-BC7A-F772FFA5B645}.Release|Any CPU.Build.0 = Release|Any CPU
	EndGlobalSection
	GlobalSection(SolutionProperties) = preSolution
		HideSolutionNode = FALSE
	EndGlobalSection
	GlobalSection(NestedProjects) = preSolution
		{05FBF3BF-1D32-44F6-B84A-B38672E718A5} = {750E102B-BA5D-4B9C-8397-C43DAA25BE17}
		{75E2FBC9-AE4C-4C88-AE42-D8A1BC16D82F} = {750E102B-BA5D-4B9C-8397-C43DAA25BE17}
		{CCCD67B2-32E7-4571-9B02-3E7BBFF449C8} = {750E102B-BA5D-4B9C-8397-C43DAA25BE17}
		{4C4563B5-2C5A-4B29-9E28-8EC394E89EC4} = {750E102B-BA5D-4B9C-8397-C43DAA25BE17}
		{02D08674-4564-4BA5-AB8F-09AED2EF1408} = {750E102B-BA5D-4B9C-8397-C43DAA25BE17}
		{817AFACF-1139-4A12-9B6B-98423C15500D} = {750E102B-BA5D-4B9C-8397-C43DAA25BE17}
		{648BDB7C-53F0-4827-8145-3B70724A2208} = {750E102B-BA5D-4B9C-8397-C43DAA25BE17}
		{8D01ECE3-5262-401A-884B-6B631BEA701C} = {750E102B-BA5D-4B9C-8397-C43DAA25BE17}
		{FA0C8354-4992-4A13-8706-DEE0EF3DBA08} = {750E102B-BA5D-4B9C-8397-C43DAA25BE17}
		{C4983B44-6220-4265-BC7A-F772FFA5B645} = {750E102B-BA5D-4B9C-8397-C43DAA25BE17}
	EndGlobalSection
	GlobalSection(ExtensibilityGlobals) = postSolution
		SolutionGuid = {21ECAF1C-0830-4A7D-AD48-16823E0FA025}
	EndGlobalSection
EndGlobal
